# THIS IS AN AUTOGENERATED FILE. DO NOT EDIT THIS FILE DIRECTLY.
# yarn lockfile v1


"@types/graphql@^0.13.0":
  version "0.13.0"
  resolved "https://registry.yarnpkg.com/@types/graphql/-/graphql-0.13.0.tgz#78a33a7f429a06a64714817d9130d578e0f35ecb"

typescript@^2.8.3:
  version "2.8.3"
  resolved "https://registry.yarnpkg.com/typescript/-/typescript-2.8.3.tgz#5d817f9b6f31bb871835f4edf0089f21abe6c170"
